
Microsoft Visual Studio Solution File, Format Version 12.00
# Visual Studio Version 17
VisualStudioVersion = 17.13.35806.99 d17.13
MinimumVisualStudioVersion = 10.0.40219.1
Project("{FAE04EC0-301F-11D3-BF4B-00C04F79EFBC}") = "KargoTakipSistemi", "KargoTakipSistemi\KargoTakipSistemi.csproj", "{FEF82D70-F242-40BA-A295-731B6EE86E40}"
EndProject
Global
	GlobalSection(SolutionConfigurationPlatforms) = preSolution
		Debug|Any CPU = Debug|Any CPU
		Release|Any CPU = Release|Any CPU
	EndGlobalSection
	GlobalSection(ProjectConfigurationPlatforms) = postSolution
		{FEF82D70-F242-40BA-A295-731B6EE86E40}.Debug|Any CPU.ActiveCfg = Debug|Any CPU
		{FEF82D70-F242-40BA-A295-731B6EE86E40}.Debug|Any CPU.Build.0 = Debug|Any CPU
		{FEF82D70-F242-40BA-A295-731B6EE86E40}.Release|Any CPU.ActiveCfg = Release|Any CPU
		{FEF82D70-F242-40BA-A295-731B6EE86E40}.Release|Any CPU.Build.0 = Release|Any CPU
	EndGlobalSection
	GlobalSection(SolutionProperties) = preSolution
		HideSolutionNode = FALSE
	EndGlobalSection
	GlobalSection(ExtensibilityGlobals) = postSolution
		SolutionGuid = {6D2B8823-3068-44B9-A551-F1F9B1D7D2C3}
	EndGlobalSection
EndGlobal
